
Microsoft Visual Studio Solution File, Format Version 12.00
# Visual Studio Version 17
VisualStudioVersion = 17.11.35219.272
MinimumVisualStudioVersion = 10.0.40219.1
Project("{FAE04EC0-301F-11D3-BF4B-00C04F79EFBC}") = "OnLineBookStore", "OnLineBookStore\OnLineBookStore.csproj", "{B1D620E2-C712-4174-BAB1-6DD04FA60850}"
EndProject
Global
	GlobalSection(SolutionConfigurationPlatforms) = preSolution
		Debug|Any CPU = Debug|Any CPU
		Release|Any CPU = Release|Any CPU
	EndGlobalSection
	GlobalSection(ProjectConfigurationPlatforms) = postSolution
		{B1D620E2-C712-4174-BAB1-6DD04FA60850}.Debug|Any CPU.ActiveCfg = Debug|Any CPU
		{B1D620E2-C712-4174-BAB1-6DD04FA60850}.Debug|Any CPU.Build.0 = Debug|Any CPU
		{B1D620E2-C712-4174-BAB1-6DD04FA60850}.Release|Any CPU.ActiveCfg = Release|Any CPU
		{B1D620E2-C712-4174-BAB1-6DD04FA60850}.Release|Any CPU.Build.0 = Release|Any CPU
	EndGlobalSection
	GlobalSection(SolutionProperties) = preSolution
		HideSolutionNode = FALSE
	EndGlobalSection
	GlobalSection(ExtensibilityGlobals) = postSolution
		SolutionGuid = {1F040979-1AEF-4619-9D1E-4ABABD795140}
	EndGlobalSection
EndGlobal
